github.com/bwmarrin/discordgo v0.23.2 h1:BzrtTktixGHIu9Tt7dEE6diysEF9HWnXeHuoJEt2fH4=
github.com/bwmarrin/discordgo v0.23.2/go.mod h1:c1WtWUGN6nREDmzIpyTp/iD3VYt4Fpx+bVyfBG7JE+M=
github.com/gorilla/websocket v1.4.0 h1:WDFjx/TMzVgy9VdMMQi2K2Emtwi2QcUQsztZ/zLaH/Q=
github.com/gorilla/websocket v1.4.0/go.mod h1:E7qHFY5m1UJ88s3WnNqhKjPHQ0heANvMoAMk2YaljkQ=
github.com/knakk/digest v0.0.0-20160404164910-fd45becddc49 h1:P6Mw09IOeKKS4klYhjzHzaEx2RcNshynjfDhzCQ8BoE=
github.com/knakk/digest v0.0.0-20160404164910-fd45becddc49/go.mod h1:dQr9I8Xw26daWGE/crxUleRxmpFI5uhfedWqRNHHq0c=
github.com/knakk/rdf v0.0.0-20190304171630-8521bf4c5042 h1:Vzdm5hdlLdpJOKK+hKtkV5u7xGZmNW6aUBjGcTfwx84=
github.com/knakk/rdf v0.0.0-20190304171630-8521bf4c5042/go.mod h1:fYE0718xXI13XMYLc6iHtvXudfyCGMsZ9hxSM1Ommpg=
github.com/knakk/sparql v0.0.0-20200914044602-05f8b3d450be h1:BF9WE8QaE+ZJopw3eqZ/jJj5c1ex6h4ct3qtgIQRqVY=
github.com/knakk/sparql v0.0.0-20200914044602-05f8b3d450be/go.mod h1:vxUbHrxs7JHQF6LITj9Rp9yf2bqyz+5JZzPZkEkS3MA=
golang.org/x/crypto v0.0.0-20181030102418-4d3f4d9ffa16 h1:y6ce7gCWtnH+m3dCjzQ1PCuwl28DDIc3VNnvY29DlIA=
golang.org/x/crypto v0.0.0-20181030102418-4d3f4d9ffa16/go.mod h1:6SG95UA2DQfeDnfUPMdvaQW0Q7yPrPDi9nlGo2tz2b4=
